
Microsoft Visual Studio Solution File, Format Version 12.00
# Visual Studio Version 16
VisualStudioVersion = 16.0.30503.244
MinimumVisualStudioVersion = 10.0.40219.1
Project("{FAE04EC0-301F-11D3-BF4B-00C04F79EFBC}") = "Week1 - Forms Exsersise", "Week1\Week1 - Forms Exsersise.csproj", "{B4EFB684-52BE-4191-A203-7587DD3D46ED}"
EndProject
Project("{FAE04EC0-301F-11D3-BF4B-00C04F79EFBC}") = "Week 4A", "Week 4A\Week 4A.csproj", "{79058668-6D58-406C-8958-9B0BC6131BED}"
EndProject
Project("{FAE04EC0-301F-11D3-BF4B-00C04F79EFBC}") = "Lab 1 - Noah Tomkins - 000790079", "Lab 1 - Noah Tomkins - 000790079\Lab 1 - Noah Tomkins - 000790079.csproj", "{C4255A8C-D54C-4597-A86B-B1E698FB1DE7}"
EndProject
Project("{FAE04EC0-301F-11D3-BF4B-00C04F79EFBC}") = "Week2 - Model View Exsersise", "Week2 - Console Exsersise\Week2 - Model View Exsersise.csproj", "{09FD2AF5-9B19-47BA-8A03-FBF55F36DA33}"
EndProject
Project("{FAE04EC0-301F-11D3-BF4B-00C04F79EFBC}") = "Week2 - Forms", "Week2 - Forms\Week2 - Forms.csproj", "{3932761A-8CA6-491D-B736-D82370300163}"
EndProject
Project("{FAE04EC0-301F-11D3-BF4B-00C04F79EFBC}") = "Week3 - Highlander Hotel", "Week3 - Highlander Hotel\Week3 - Highlander Hotel.csproj", "{AE9E8AB8-5AAB-45B5-9494-9EACF82908A0}"
EndProject
Project("{FAE04EC0-301F-11D3-BF4B-00C04F79EFBC}") = "Week3A", "Week3A\Week3A.csproj", "{EEAA4F4B-0CAA-4563-B860-1E8526F4222B}"
EndProject
Project("{FAE04EC0-301F-11D3-BF4B-00C04F79EFBC}") = "Week4B - Bank Account Manager", "Week4B\Week4B - Bank Account Manager.csproj", "{771566E9-5743-4681-8721-4156C6A42643}"
EndProject
Project("{FAE04EC0-301F-11D3-BF4B-00C04F79EFBC}") = "Lab2B", "Lab2B\Lab2B.csproj", "{180DD749-86D6-48FC-BDAC-3985D83CED61}"
EndProject
Project("{FAE04EC0-301F-11D3-BF4B-00C04F79EFBC}") = "Lab2A", "Lab2A\Lab2A.csproj", "{B247ED75-F66A-49D9-B13A-B6ED99C9826E}"
EndProject
Project("{FAE04EC0-301F-11D3-BF4B-00C04F79EFBC}") = "Lab3A", "Lab3A\Lab3A.csproj", "{5D66B9D6-6DD1-47EC-BA98-1AA4880C7DB1}"
EndProject
Project("{FAE04EC0-301F-11D3-BF4B-00C04F79EFBC}") = "Lab3B", "Lab3B\Lab3B.csproj", "{2399DB97-CCCC-4D19-AA86-758743B72CEB}"
EndProject
Project("{FAE04EC0-301F-11D3-BF4B-00C04F79EFBC}") = "Week7-AllOnesAndZeros", "Week7-AllOnesAndZeros\Week7-AllOnesAndZeros.csproj", "{C19D016E-2C3F-420D-8BF0-4CA0A5968EB8}"
EndProject
Project("{FAE04EC0-301F-11D3-BF4B-00C04F79EFBC}") = "Week7-Interfaces", "Week7-Interfaces\Week7-Interfaces.csproj", "{11E07F82-D7FF-4B25-88B1-148FC85C757D}"
EndProject
Project("{FAE04EC0-301F-11D3-BF4B-00C04F79EFBC}") = "Lab4A", "Lab4A\Lab4A.csproj", "{9B489042-8ACE-4F45-AB22-6AE92B44E4B5}"
EndProject
Project("{FAE04EC0-301F-11D3-BF4B-00C04F79EFBC}") = "Lab4B", "Lab4B\Lab4B.csproj", "{7E2BA4CE-6BED-42B4-98BA-761235994539}"
EndProject
Project("{FAE04EC0-301F-11D3-BF4B-00C04F79EFBC}") = "MidtermA", "MidtermA\MidtermA.csproj", "{E46F8BFE-AA13-4899-82FC-E1F47AF0BC59}"
EndProject
Project("{FAE04EC0-301F-11D3-BF4B-00C04F79EFBC}") = "MidtermB", "MidtermB\MidtermB.csproj", "{D3FCAEEF-5A6A-4BE8-87DB-7FF305D02FC8}"
EndProject
Project("{FAE04EC0-301F-11D3-BF4B-00C04F79EFBC}") = "Week9-Events", "Week9-Events\Week9-Events.csproj", "{9DFAF090-1971-4D1E-A847-D016A42CF7C3}"
EndProject
Project("{FAE04EC0-301F-11D3-BF4B-00C04F79EFBC}") = "Week10-Collections", "Week10-Collections\Week10-Collections.csproj", "{7127791C-2E33-4D22-9A87-6628B3037D19}"
EndProject
Project("{FAE04EC0-301F-11D3-BF4B-00C04F79EFBC}") = "Week10-Lambda", "Week10-Lambda\Week10-Lambda.csproj", "{03D8113A-B343-4D71-BDDA-63CF37A46F8A}"
EndProject
Project("{FAE04EC0-301F-11D3-BF4B-00C04F79EFBC}") = "Week11-GenericCRUD", "Week11-GenericCRUD\Week11-GenericCRUD.csproj", "{42E597C2-D9AB-41F1-A31A-90C56A88C34D}"
EndProject
Project("{FAE04EC0-301F-11D3-BF4B-00C04F79EFBC}") = "Week11-DB", "Week11-DB\Week11-DB.csproj", "{A2CA0484-C512-4CDA-8FDF-E24A9EE95146}"
EndProject
Project("{FAE04EC0-301F-11D3-BF4B-00C04F79EFBC}") = "Week11B-DB2", "Week11B-DB2\Week11B-DB2.csproj", "{1A13924A-F32C-41BD-8266-6C57FEC0DDA7}"
EndProject
Project("{FAE04EC0-301F-11D3-BF4B-00C04F79EFBC}") = "Week11-BallEx", "Week11-BallEx\Week11-BallEx.csproj", "{43BB668D-26EE-44A6-BE3C-E6B112785E7F}"
EndProject
Project("{FAE04EC0-301F-11D3-BF4B-00C04F79EFBC}") = "Week12-CarDB", "Week12-CarDB\Week12-CarDB.csproj", "{3AF49600-1C6B-4385-A272-DFB26A0FF549}"
EndProject
Global
	GlobalSection(SolutionConfigurationPlatforms) = preSolution
		Debug|Any CPU = Debug|Any CPU
		Release|Any CPU = Release|Any CPU
	EndGlobalSection
	GlobalSection(ProjectConfigurationPlatforms) = postSolution
		{B4EFB684-52BE-4191-A203-7587DD3D46ED}.Debug|Any CPU.ActiveCfg = Debug|Any CPU
		{B4EFB684-52BE-4191-A203-7587DD3D46ED}.Debug|Any CPU.Build.0 = Debug|Any CPU
		{B4EFB684-52BE-4191-A203-7587DD3D46ED}.Release|Any CPU.ActiveCfg = Release|Any CPU
		{B4EFB684-52BE-4191-A203-7587DD3D46ED}.Release|Any CPU.Build.0 = Release|Any CPU
		{79058668-6D58-406C-8958-9B0BC6131BED}.Debug|Any CPU.ActiveCfg = Debug|Any CPU
		{79058668-6D58-406C-8958-9B0BC6131BED}.Debug|Any CPU.Build.0 = Debug|Any CPU
		{79058668-6D58-406C-8958-9B0BC6131BED}.Release|Any CPU.ActiveCfg = Release|Any CPU
		{79058668-6D58-406C-8958-9B0BC6131BED}.Release|Any CPU.Build.0 = Release|Any CPU
		{C4255A8C-D54C-4597-A86B-B1E698FB1DE7}.Debug|Any CPU.ActiveCfg = Debug|Any CPU
		{C4255A8C-D54C-4597-A86B-B1E698FB1DE7}.Debug|Any CPU.Build.0 = Debug|Any CPU
		{C4255A8C-D54C-4597-A86B-B1E698FB1DE7}.Release|Any CPU.ActiveCfg = Release|Any CPU
		{C4255A8C-D54C-4597-A86B-B1E698FB1DE7}.Release|Any CPU.Build.0 = Release|Any CPU
		{09FD2AF5-9B19-47BA-8A03-FBF55F36DA33}.Debug|Any CPU.ActiveCfg = Debug|Any CPU
		{09FD2AF5-9B19-47BA-8A03-FBF55F36DA33}.Debug|Any CPU.Build.0 = Debug|Any CPU
		{09FD2AF5-9B19-47BA-8A03-FBF55F36DA33}.Release|Any CPU.ActiveCfg = Release|Any CPU
		{09FD2AF5-9B19-47BA-8A03-FBF55F36DA33}.Release|Any CPU.Build.0 = Release|Any CPU
		{3932761A-8CA6-491D-B736-D82370300163}.Debug|Any CPU.ActiveCfg = Debug|Any CPU
		{3932761A-8CA6-491D-B736-D82370300163}.Debug|Any CPU.Build.0 = Debug|Any CPU
		{3932761A-8CA6-491D-B736-D82370300163}.Release|Any CPU.ActiveCfg = Release|Any CPU
		{3932761A-8CA6-491D-B736-D82370300163}.Release|Any CPU.Build.0 = Release|Any CPU
		{AE9E8AB8-5AAB-45B5-9494-9EACF82908A0}.Debug|Any CPU.ActiveCfg = Debug|Any CPU
		{AE9E8AB8-5AAB-45B5-9494-9EACF82908A0}.Debug|Any CPU.Build.0 = Debug|Any CPU
		{AE9E8AB8-5AAB-45B5-9494-9EACF82908A0}.Release|Any CPU.ActiveCfg = Release|Any CPU
		{AE9E8AB8-5AAB-45B5-9494-9EACF82908A0}.Release|Any CPU.Build.0 = Release|Any CPU
		{EEAA4F4B-0CAA-4563-B860-1E8526F4222B}.Debug|Any CPU.ActiveCfg = Debug|Any CPU
		{EEAA4F4B-0CAA-4563-B860-1E8526F4222B}.Debug|Any CPU.Build.0 = Debug|Any CPU
		{EEAA4F4B-0CAA-4563-B860-1E8526F4222B}.Release|Any CPU.ActiveCfg = Release|Any CPU
		{EEAA4F4B-0CAA-4563-B860-1E8526F4222B}.Release|Any CPU.Build.0 = Release|Any CPU
		{771566E9-5743-4681-8721-4156C6A42643}.Debug|Any CPU.ActiveCfg = Debug|Any CPU
		{771566E9-5743-4681-8721-4156C6A42643}.Debug|Any CPU.Build.0 = Debug|Any CPU
		{771566E9-5743-4681-8721-4156C6A42643}.Release|Any CPU.ActiveCfg = Release|Any CPU
		{771566E9-5743-4681-8721-4156C6A42643}.Release|Any CPU.Build.0 = Release|Any CPU
		{180DD749-86D6-48FC-BDAC-3985D83CED61}.Debug|Any CPU.ActiveCfg = Debug|Any CPU
		{180DD749-86D6-48FC-BDAC-3985D83CED61}.Debug|Any CPU.Build.0 = Debug|Any CPU
		{180DD749-86D6-48FC-BDAC-3985D83CED61}.Release|Any CPU.ActiveCfg = Release|Any CPU
		{180DD749-86D6-48FC-BDAC-3985D83CED61}.Release|Any CPU.Build.0 = Release|Any CPU
		{B247ED75-F66A-49D9-B13A-B6ED99C9826E}.Debug|Any CPU.ActiveCfg = Debug|Any CPU
		{B247ED75-F66A-49D9-B13A-B6ED99C9826E}.Debug|Any CPU.Build.0 = Debug|Any CPU
		{B247ED75-F66A-49D9-B13A-B6ED99C9826E}.Release|Any CPU.ActiveCfg = Release|Any CPU
		{B247ED75-F66A-49D9-B13A-B6ED99C9826E}.Release|Any CPU.Build.0 = Release|Any CPU
		{5D66B9D6-6DD1-47EC-BA98-1AA4880C7DB1}.Debug|Any CPU.ActiveCfg = Debug|Any CPU
		{5D66B9D6-6DD1-47EC-BA98-1AA4880C7DB1}.Debug|Any CPU.Build.0 = Debug|Any CPU
		{5D66B9D6-6DD1-47EC-BA98-1AA4880C7DB1}.Release|Any CPU.ActiveCfg = Release|Any CPU
		{5D66B9D6-6DD1-47EC-BA98-1AA4880C7DB1}.Release|Any CPU.Build.0 = Release|Any CPU
		{2399DB97-CCCC-4D19-AA86-758743B72CEB}.Debug|Any CPU.ActiveCfg = Debug|Any CPU
		{2399DB97-CCCC-4D19-AA86-758743B72CEB}.Debug|Any CPU.Build.0 = Debug|Any CPU
		{2399DB97-CCCC-4D19-AA86-758743B72CEB}.Release|Any CPU.ActiveCfg = Release|Any CPU
		{2399DB97-CCCC-4D19-AA86-758743B72CEB}.Release|Any CPU.Build.0 = Release|Any CPU
		{C19D016E-2C3F-420D-8BF0-4CA0A5968EB8}.Debug|Any CPU.ActiveCfg = Debug|Any CPU
		{C19D016E-2C3F-420D-8BF0-4CA0A5968EB8}.Debug|Any CPU.Build.0 = Debug|Any CPU
		{C19D016E-2C3F-420D-8BF0-4CA0A5968EB8}.Release|Any CPU.ActiveCfg = Release|Any CPU
		{C19D016E-2C3F-420D-8BF0-4CA0A5968EB8}.Release|Any CPU.Build.0 = Release|Any CPU
		{11E07F82-D7FF-4B25-88B1-148FC85C757D}.Debug|Any CPU.ActiveCfg = Debug|Any CPU
		{11E07F82-D7FF-4B25-88B1-148FC85C757D}.Debug|Any CPU.Build.0 = Debug|Any CPU
		{11E07F82-D7FF-4B25-88B1-148FC85C757D}.Release|Any CPU.ActiveCfg = Release|Any CPU
		{11E07F82-D7FF-4B25-88B1-148FC85C757D}.Release|Any CPU.Build.0 = Release|Any CPU
		{9B489042-8ACE-4F45-AB22-6AE92B44E4B5}.Debug|Any CPU.ActiveCfg = Debug|Any CPU
		{9B489042-8ACE-4F45-AB22-6AE92B44E4B5}.Debug|Any CPU.Build.0 = Debug|Any CPU
		{9B489042-8ACE-4F45-AB22-6AE92B44E4B5}.Release|Any CPU.ActiveCfg = Release|Any CPU
		{9B489042-8ACE-4F45-AB22-6AE92B44E4B5}.Release|Any CPU.Build.0 = Release|Any CPU
		{7E2BA4CE-6BED-42B4-98BA-761235994539}.Debug|Any CPU.ActiveCfg = Debug|Any CPU
		{7E2BA4CE-6BED-42B4-98BA-761235994539}.Debug|Any CPU.Build.0 = Debug|Any CPU
		{7E2BA4CE-6BED-42B4-98BA-761235994539}.Release|Any CPU.ActiveCfg = Release|Any CPU
		{7E2BA4CE-6BED-42B4-98BA-761235994539}.Release|Any CPU.Build.0 = Release|Any CPU
		{E46F8BFE-AA13-4899-82FC-E1F47AF0BC59}.Debug|Any CPU.ActiveCfg = Debug|Any CPU
		{E46F8BFE-AA13-4899-82FC-E1F47AF0BC59}.Debug|Any CPU.Build.0 = Debug|Any CPU
		{E46F8BFE-AA13-4899-82FC-E1F47AF0BC59}.Release|Any CPU.ActiveCfg = Release|Any CPU
		{E46F8BFE-AA13-4899-82FC-E1F47AF0BC59}.Release|Any CPU.Build.0 = Release|Any CPU
		{D3FCAEEF-5A6A-4BE8-87DB-7FF305D02FC8}.Debug|Any CPU.ActiveCfg = Debug|Any CPU
		{D3FCAEEF-5A6A-4BE8-87DB-7FF305D02FC8}.Debug|Any CPU.Build.0 = Debug|Any CPU
		{D3FCAEEF-5A6A-4BE8-87DB-7FF305D02FC8}.Release|Any CPU.ActiveCfg = Release|Any CPU
		{D3FCAEEF-5A6A-4BE8-87DB-7FF305D02FC8}.Release|Any CPU.Build.0 = Release|Any CPU
		{9DFAF090-1971-4D1E-A847-D016A42CF7C3}.Debug|Any CPU.ActiveCfg = Debug|Any CPU
		{9DFAF090-1971-4D1E-A847-D016A42CF7C3}.Debug|Any CPU.Build.0 = Debug|Any CPU
		{9DFAF090-1971-4D1E-A847-D016A42CF7C3}.Release|Any CPU.ActiveCfg = Release|Any CPU
		{9DFAF090-1971-4D1E-A847-D016A42CF7C3}.Release|Any CPU.Build.0 = Release|Any CPU
		{7127791C-2E33-4D22-9A87-6628B3037D19}.Debug|Any CPU.ActiveCfg = Debug|Any CPU
		{7127791C-2E33-4D22-9A87-6628B3037D19}.Debug|Any CPU.Build.0 = Debug|Any CPU
		{7127791C-2E33-4D22-9A87-6628B3037D19}.Release|Any CPU.ActiveCfg = Release|Any CPU
		{7127791C-2E33-4D22-9A87-6628B3037D19}.Release|Any CPU.Build.0 = Release|Any CPU
		{03D8113A-B343-4D71-BDDA-63CF37A46F8A}.Debug|Any CPU.ActiveCfg = Debug|Any CPU
		{03D8113A-B343-4D71-BDDA-63CF37A46F8A}.Debug|Any CPU.Build.0 = Debug|Any CPU
		{03D8113A-B343-4D71-BDDA-63CF37A46F8A}.Release|Any CPU.ActiveCfg = Release|Any CPU
		{03D8113A-B343-4D71-BDDA-63CF37A46F8A}.Release|Any CPU.Build.0 = Release|Any CPU
		{42E597C2-D9AB-41F1-A31A-90C56A88C34D}.Debug|Any CPU.ActiveCfg = Debug|Any CPU
		{42E597C2-D9AB-41F1-A31A-90C56A88C34D}.Debug|Any CPU.Build.0 = Debug|Any CPU
		{42E597C2-D9AB-41F1-A31A-90C56A88C34D}.Release|Any CPU.ActiveCfg = Release|Any CPU
		{42E597C2-D9AB-41F1-A31A-90C56A88C34D}.Release|Any CPU.Build.0 = Release|Any CPU
		{A2CA0484-C512-4CDA-8FDF-E24A9EE95146}.Debug|Any CPU.ActiveCfg = Debug|Any CPU
		{A2CA0484-C512-4CDA-8FDF-E24A9EE95146}.Debug|Any CPU.Build.0 = Debug|Any CPU
		{A2CA0484-C512-4CDA-8FDF-E24A9EE95146}.Release|Any CPU.ActiveCfg = Release|Any CPU
		{A2CA0484-C512-4CDA-8FDF-E24A9EE95146}.Release|Any CPU.Build.0 = Release|Any CPU
		{1A13924A-F32C-41BD-8266-6C57FEC0DDA7}.Debug|Any CPU.ActiveCfg = Debug|Any CPU
		{1A13924A-F32C-41BD-8266-6C57FEC0DDA7}.Debug|Any CPU.Build.0 = Debug|Any CPU
		{1A13924A-F32C-41BD-8266-6C57FEC0DDA7}.Release|Any CPU.ActiveCfg = Release|Any CPU
		{1A13924A-F32C-41BD-8266-6C57FEC0DDA7}.Release|Any CPU.Build.0 = Release|Any CPU
		{43BB668D-26EE-44A6-BE3C-E6B112785E7F}.Debug|Any CPU.ActiveCfg = Debug|Any CPU
		{43BB668D-26EE-44A6-BE3C-E6B112785E7F}.Debug|Any CPU.Build.0 = Debug|Any CPU
		{43BB668D-26EE-44A6-BE3C-E6B112785E7F}.Release|Any CPU.ActiveCfg = Release|Any CPU
		{43BB668D-26EE-44A6-BE3C-E6B112785E7F}.Release|Any CPU.Build.0 = Release|Any CPU
		{3AF49600-1C6B-4385-A272-DFB26A0FF549}.Debug|Any CPU.ActiveCfg = Debug|Any CPU
		{3AF49600-1C6B-4385-A272-DFB26A0FF549}.Debug|Any CPU.Build.0 = Debug|Any CPU
		{3AF49600-1C6B-4385-A272-DFB26A0FF549}.Release|Any CPU.ActiveCfg = Release|Any CPU
		{3AF49600-1C6B-4385-A272-DFB26A0FF549}.Release|Any CPU.Build.0 = Release|Any CPU
	EndGlobalSection
	GlobalSection(SolutionProperties) = preSolution
		HideSolutionNode = FALSE
	EndGlobalSection
	GlobalSection(ExtensibilityGlobals) = postSolution
		SolutionGuid = {20CC259A-EC91-4E75-9309-1F5E2B04DE62}
	EndGlobalSection
EndGlobal
